
Microsoft Visual Studio Solution File, Format Version 12.00
# Visual Studio Version 17
VisualStudioVersion = 17.0.32126.317
MinimumVisualStudioVersion = 10.0.40219.1
Project("{9A19103F-16F7-4668-BE54-9A1E7A4F7556}") = "HyeSolutions.Server", "Server\HyeSolutions.Server.csproj", "{DC200C2B-A66D-460E-9281-CCDE69B2B515}"
EndProject
Project("{9A19103F-16F7-4668-BE54-9A1E7A4F7556}") = "HyeSolutions.Client", "Client\HyeSolutions.Client.csproj", "{DA809D5D-68F3-48B0-BE26-83DE2ED82D01}"
EndProject
Project("{9A19103F-16F7-4668-BE54-9A1E7A4F7556}") = "HyeSolutions.Shared", "Shared\HyeSolutions.Shared.csproj", "{74871990-C735-46B6-98A4-32B0099C522A}"
EndProject
Global
	GlobalSection(SolutionConfigurationPlatforms) = preSolution
		Debug|Any CPU = Debug|Any CPU
		Release|Any CPU = Release|Any CPU
	EndGlobalSection
	GlobalSection(ProjectConfigurationPlatforms) = postSolution
		{DC200C2B-A66D-460E-9281-CCDE69B2B515}.Debug|Any CPU.ActiveCfg = Debug|Any CPU
		{DC200C2B-A66D-460E-9281-CCDE69B2B515}.Debug|Any CPU.Build.0 = Debug|Any CPU
		{DC200C2B-A66D-460E-9281-CCDE69B2B515}.Release|Any CPU.ActiveCfg = Release|Any CPU
		{DC200C2B-A66D-460E-9281-CCDE69B2B515}.Release|Any CPU.Build.0 = Release|Any CPU
		{DA809D5D-68F3-48B0-BE26-83DE2ED82D01}.Debug|Any CPU.ActiveCfg = Debug|Any CPU
		{DA809D5D-68F3-48B0-BE26-83DE2ED82D01}.Debug|Any CPU.Build.0 = Debug|Any CPU
		{DA809D5D-68F3-48B0-BE26-83DE2ED82D01}.Release|Any CPU.ActiveCfg = Release|Any CPU
		{DA809D5D-68F3-48B0-BE26-83DE2ED82D01}.Release|Any CPU.Build.0 = Release|Any CPU
		{74871990-C735-46B6-98A4-32B0099C522A}.Debug|Any CPU.ActiveCfg = Debug|Any CPU
		{74871990-C735-46B6-98A4-32B0099C522A}.Debug|Any CPU.Build.0 = Debug|Any CPU
		{74871990-C735-46B6-98A4-32B0099C522A}.Release|Any CPU.ActiveCfg = Release|Any CPU
		{74871990-C735-46B6-98A4-32B0099C522A}.Release|Any CPU.Build.0 = Release|Any CPU
	EndGlobalSection
	GlobalSection(SolutionProperties) = preSolution
		HideSolutionNode = FALSE
	EndGlobalSection
	GlobalSection(ExtensibilityGlobals) = postSolution
		SolutionGuid = {6FF02714-261A-4EEA-98EC-789F264893D4}
	EndGlobalSection
EndGlobal
